
Microsoft Visual Studio Solution File, Format Version 12.00
# Visual Studio Version 17
VisualStudioVersion = 17.14.36109.1 d17.14
MinimumVisualStudioVersion = 10.0.40219.1
Project("{FAE04EC0-301F-11D3-BF4B-00C04F79EFBC}") = "EnhancerBookManagement.API", "EnhancerBookManagement.API\EnhancerBookManagement.API.csproj", "{B858B484-765A-499A-A3CA-687EEA80770F}"
EndProject
Global
	GlobalSection(SolutionConfigurationPlatforms) = preSolution
		Debug|Any CPU = Debug|Any CPU
		Release|Any CPU = Release|Any CPU
	EndGlobalSection
	GlobalSection(ProjectConfigurationPlatforms) = postSolution
		{B858B484-765A-499A-A3CA-687EEA80770F}.Debug|Any CPU.ActiveCfg = Debug|Any CPU
		{B858B484-765A-499A-A3CA-687EEA80770F}.Debug|Any CPU.Build.0 = Debug|Any CPU
		{B858B484-765A-499A-A3CA-687EEA80770F}.Release|Any CPU.ActiveCfg = Release|Any CPU
		{B858B484-765A-499A-A3CA-687EEA80770F}.Release|Any CPU.Build.0 = Release|Any CPU
	EndGlobalSection
	GlobalSection(SolutionProperties) = preSolution
		HideSolutionNode = FALSE
	EndGlobalSection
	GlobalSection(ExtensibilityGlobals) = postSolution
		SolutionGuid = {39724D5B-2786-4DB9-9222-9B72820EDE91}
	EndGlobalSection
EndGlobal
